
Microsoft Visual Studio Solution File, Format Version 12.00
# Visual Studio 14
VisualStudioVersion = 14.0.23107.0
MinimumVisualStudioVersion = 10.0.40219.1
Project("{8BB2217D-0F2D-49D1-97BC-3654ED321F3B}") = "wykop.pgs-soft.com", "src\wykop.pgs-soft.com\wykop.pgs-soft.com.xproj", "{E21C9BFF-0A39-4423-A43F-5A039F0001D2}"
EndProject
Project("{8BB2217D-0F2D-49D1-97BC-3654ED321F3B}") = "PGS.Wykop.Api", "src\PGS.Wykop.Api\PGS.Wykop.Api.xproj", "{0A7DF3D1-4EBE-4CD2-B06D-B60F62AB628F}"
EndProject
Project("{8BB2217D-0F2D-49D1-97BC-3654ED321F3B}") = "PGS.Wykop.Tests", "src\PGS.Wykop.Tests\PGS.Wykop.Tests.xproj", "{6E456E25-2971-46B9-8A54-4B938145BABF}"
EndProject
Project("{FAE04EC0-301F-11D3-BF4B-00C04F79EFBC}") = "ClassLibrary1", "ClassLibrary1\ClassLibrary1.csproj", "{D8920CCB-3995-433E-8A2C-A977D533C6A1}"
EndProject
Global
	GlobalSection(SolutionConfigurationPlatforms) = preSolution
		Debug|Any CPU = Debug|Any CPU
		Release|Any CPU = Release|Any CPU
	EndGlobalSection
	GlobalSection(ProjectConfigurationPlatforms) = postSolution
		{E21C9BFF-0A39-4423-A43F-5A039F0001D2}.Debug|Any CPU.ActiveCfg = Debug|Any CPU
		{E21C9BFF-0A39-4423-A43F-5A039F0001D2}.Debug|Any CPU.Build.0 = Debug|Any CPU
		{E21C9BFF-0A39-4423-A43F-5A039F0001D2}.Release|Any CPU.ActiveCfg = Release|Any CPU
		{E21C9BFF-0A39-4423-A43F-5A039F0001D2}.Release|Any CPU.Build.0 = Release|Any CPU
		{0A7DF3D1-4EBE-4CD2-B06D-B60F62AB628F}.Debug|Any CPU.ActiveCfg = Debug|Any CPU
		{0A7DF3D1-4EBE-4CD2-B06D-B60F62AB628F}.Debug|Any CPU.Build.0 = Debug|Any CPU
		{0A7DF3D1-4EBE-4CD2-B06D-B60F62AB628F}.Release|Any CPU.ActiveCfg = Release|Any CPU
		{0A7DF3D1-4EBE-4CD2-B06D-B60F62AB628F}.Release|Any CPU.Build.0 = Release|Any CPU
		{6E456E25-2971-46B9-8A54-4B938145BABF}.Debug|Any CPU.ActiveCfg = Debug|Any CPU
		{6E456E25-2971-46B9-8A54-4B938145BABF}.Debug|Any CPU.Build.0 = Debug|Any CPU
		{6E456E25-2971-46B9-8A54-4B938145BABF}.Release|Any CPU.ActiveCfg = Release|Any CPU
		{6E456E25-2971-46B9-8A54-4B938145BABF}.Release|Any CPU.Build.0 = Release|Any CPU
		{D8920CCB-3995-433E-8A2C-A977D533C6A1}.Debug|Any CPU.ActiveCfg = Debug|Any CPU
		{D8920CCB-3995-433E-8A2C-A977D533C6A1}.Debug|Any CPU.Build.0 = Debug|Any CPU
		{D8920CCB-3995-433E-8A2C-A977D533C6A1}.Release|Any CPU.ActiveCfg = Release|Any CPU
		{D8920CCB-3995-433E-8A2C-A977D533C6A1}.Release|Any CPU.Build.0 = Release|Any CPU
	EndGlobalSection
	GlobalSection(SolutionProperties) = preSolution
		HideSolutionNode = FALSE
	EndGlobalSection
EndGlobal
